
Microsoft Visual Studio Solution File, Format Version 12.00
# Visual Studio Version 17
VisualStudioVersion = 17.0.31903.59
MinimumVisualStudioVersion = 10.0.40219.1
Project("{2150E333-8FDC-42A3-9474-1A3956D46DE8}") = "src", "src", "{827E0CD3-B72D-47B6-A68D-7590B98EB39B}"
EndProject
Project("{FAE04EC0-301F-11D3-BF4B-00C04F79EFBC}") = "KararOS.Domain", "src\KararOS.Domain\KararOS.Domain.csproj", "{957EAA5E-610F-449E-B7AE-B373E09C4A0D}"
EndProject
Project("{FAE04EC0-301F-11D3-BF4B-00C04F79EFBC}") = "KararOS.Application", "src\KararOS.Application\KararOS.Application.csproj", "{DC0C4031-2473-4F42-AE6A-CB7CAC79274B}"
EndProject
Project("{FAE04EC0-301F-11D3-BF4B-00C04F79EFBC}") = "KararOS.Infrastructure", "src\KararOS.Infrastructure\KararOS.Infrastructure.csproj", "{EF1B0452-05E5-4819-A346-5374A12E5C80}"
EndProject
Project("{FAE04EC0-301F-11D3-BF4B-00C04F79EFBC}") = "KararOS.Api", "src\KararOS.Api\KararOS.Api.csproj", "{A8E35492-C6A0-4160-981A-E284BE64F6A9}"
EndProject
Project("{FAE04EC0-301F-11D3-BF4B-00C04F79EFBC}") = "KararOS.UnitTests", "tests\KararOS.UnitTests\KararOS.UnitTests.csproj", "{3811B1E3-4F06-482F-A003-B47D5F0E69F7}"
EndProject
Project("{FAE04EC0-301F-11D3-BF4B-00C04F79EFBC}") = "KararOS.IntegrationTests", "tests\KararOS.IntegrationTests\KararOS.IntegrationTests.csproj", "{D328FBDF-2013-4EC3-B86D-FCD7AF04A264}"
EndProject
Global
	GlobalSection(SolutionConfigurationPlatforms) = preSolution
		Debug|Any CPU = Debug|Any CPU
		Debug|x64 = Debug|x64
		Debug|x86 = Debug|x86
		Release|Any CPU = Release|Any CPU
		Release|x64 = Release|x64
		Release|x86 = Release|x86
	EndGlobalSection
	GlobalSection(ProjectConfigurationPlatforms) = postSolution
		{957EAA5E-610F-449E-B7AE-B373E09C4A0D}.Debug|Any CPU.ActiveCfg = Debug|Any CPU
		{957EAA5E-610F-449E-B7AE-B373E09C4A0D}.Debug|Any CPU.Build.0 = Debug|Any CPU
		{957EAA5E-610F-449E-B7AE-B373E09C4A0D}.Debug|x64.ActiveCfg = Debug|Any CPU
		{957EAA5E-610F-449E-B7AE-B373E09C4A0D}.Debug|x64.Build.0 = Debug|Any CPU
		{957EAA5E-610F-449E-B7AE-B373E09C4A0D}.Debug|x86.ActiveCfg = Debug|Any CPU
		{957EAA5E-610F-449E-B7AE-B373E09C4A0D}.Debug|x86.Build.0 = Debug|Any CPU
		{957EAA5E-610F-449E-B7AE-B373E09C4A0D}.Release|Any CPU.ActiveCfg = Release|Any CPU
		{957EAA5E-610F-449E-B7AE-B373E09C4A0D}.Release|Any CPU.Build.0 = Release|Any CPU
		{957EAA5E-610F-449E-B7AE-B373E09C4A0D}.Release|x64.ActiveCfg = Release|Any CPU
		{957EAA5E-610F-449E-B7AE-B373E09C4A0D}.Release|x64.Build.0 = Release|Any CPU
		{957EAA5E-610F-449E-B7AE-B373E09C4A0D}.Release|x86.ActiveCfg = Release|Any CPU
		{957EAA5E-610F-449E-B7AE-B373E09C4A0D}.Release|x86.Build.0 = Release|Any CPU
		{DC0C4031-2473-4F42-AE6A-CB7CAC79274B}.Debug|Any CPU.ActiveCfg = Debug|Any CPU
		{DC0C4031-2473-4F42-AE6A-CB7CAC79274B}.Debug|Any CPU.Build.0 = Debug|Any CPU
		{DC0C4031-2473-4F42-AE6A-CB7CAC79274B}.Debug|x64.ActiveCfg = Debug|Any CPU
		{DC0C4031-2473-4F42-AE6A-CB7CAC79274B}.Debug|x64.Build.0 = Debug|Any CPU
		{DC0C4031-2473-4F42-AE6A-CB7CAC79274B}.Debug|x86.ActiveCfg = Debug|Any CPU
		{DC0C4031-2473-4F42-AE6A-CB7CAC79274B}.Debug|x86.Build.0 = Debug|Any CPU
		{DC0C4031-2473-4F42-AE6A-CB7CAC79274B}.Release|Any CPU.ActiveCfg = Release|Any CPU
		{DC0C4031-2473-4F42-AE6A-CB7CAC79274B}.Release|Any CPU.Build.0 = Release|Any CPU
		{DC0C4031-2473-4F42-AE6A-CB7CAC79274B}.Release|x64.ActiveCfg = Release|Any CPU
		{DC0C4031-2473-4F42-AE6A-CB7CAC79274B}.Release|x64.Build.0 = Release|Any CPU
		{DC0C4031-2473-4F42-AE6A-CB7CAC79274B}.Release|x86.ActiveCfg = Release|Any CPU
		{DC0C4031-2473-4F42-AE6A-CB7CAC79274B}.Release|x86.Build.0 = Release|Any CPU
		{EF1B0452-05E5-4819-A346-5374A12E5C80}.Debug|Any CPU.ActiveCfg = Debug|Any CPU
		{EF1B0452-05E5-4819-A346-5374A12E5C80}.Debug|Any CPU.Build.0 = Debug|Any CPU
		{EF1B0452-05E5-4819-A346-5374A12E5C80}.Debug|x64.ActiveCfg = Debug|Any CPU
		{EF1B0452-05E5-4819-A346-5374A12E5C80}.Debug|x64.Build.0 = Debug|Any CPU
		{EF1B0452-05E5-4819-A346-5374A12E5C80}.Debug|x86.ActiveCfg = Debug|Any CPU
		{EF1B0452-05E5-4819-A346-5374A12E5C80}.Debug|x86.Build.0 = Debug|Any CPU
		{EF1B0452-05E5-4819-A346-5374A12E5C80}.Release|Any CPU.ActiveCfg = Release|Any CPU
		{EF1B0452-05E5-4819-A346-5374A12E5C80}.Release|Any CPU.Build.0 = Release|Any CPU
		{EF1B0452-05E5-4819-A346-5374A12E5C80}.Release|x64.ActiveCfg = Release|Any CPU
		{EF1B0452-05E5-4819-A346-5374A12E5C80}.Release|x64.Build.0 = Release|Any CPU
		{EF1B0452-05E5-4819-A346-5374A12E5C80}.Release|x86.ActiveCfg = Release|Any CPU
		{EF1B0452-05E5-4819-A346-5374A12E5C80}.Release|x86.Build.0 = Release|Any CPU
		{A8E35492-C6A0-4160-981A-E284BE64F6A9}.Debug|Any CPU.ActiveCfg = Debug|Any CPU
		{A8E35492-C6A0-4160-981A-E284BE64F6A9}.Debug|Any CPU.Build.0 = Debug|Any CPU
		{A8E35492-C6A0-4160-981A-E284BE64F6A9}.Debug|x64.ActiveCfg = Debug|Any CPU
		{A8E35492-C6A0-4160-981A-E284BE64F6A9}.Debug|x64.Build.0 = Debug|Any CPU
		{A8E35492-C6A0-4160-981A-E284BE64F6A9}.Debug|x86.ActiveCfg = Debug|Any CPU
		{A8E35492-C6A0-4160-981A-E284BE64F6A9}.Debug|x86.Build.0 = Debug|Any CPU
		{A8E35492-C6A0-4160-981A-E284BE64F6A9}.Release|Any CPU.ActiveCfg = Release|Any CPU
		{A8E35492-C6A0-4160-981A-E284BE64F6A9}.Release|Any CPU.Build.0 = Release|Any CPU
		{A8E35492-C6A0-4160-981A-E284BE64F6A9}.Release|x64.ActiveCfg = Release|Any CPU
		{A8E35492-C6A0-4160-981A-E284BE64F6A9}.Release|x64.Build.0 = Release|Any CPU
		{A8E35492-C6A0-4160-981A-E284BE64F6A9}.Release|x86.ActiveCfg = Release|Any CPU
		{A8E35492-C6A0-4160-981A-E284BE64F6A9}.Release|x86.Build.0 = Release|Any CPU
		{3811B1E3-4F06-482F-A003-B47D5F0E69F7}.Debug|Any CPU.ActiveCfg = Debug|Any CPU
		{3811B1E3-4F06-482F-A003-B47D5F0E69F7}.Debug|Any CPU.Build.0 = Debug|Any CPU
		{3811B1E3-4F06-482F-A003-B47D5F0E69F7}.Debug|x64.ActiveCfg = Debug|Any CPU
		{3811B1E3-4F06-482F-A003-B47D5F0E69F7}.Debug|x64.Build.0 = Debug|Any CPU
		{3811B1E3-4F06-482F-A003-B47D5F0E69F7}.Debug|x86.ActiveCfg = Debug|Any CPU
		{3811B1E3-4F06-482F-A003-B47D5F0E69F7}.Debug|x86.Build.0 = Debug|Any CPU
		{3811B1E3-4F06-482F-A003-B47D5F0E69F7}.Release|Any CPU.ActiveCfg = Release|Any CPU
		{3811B1E3-4F06-482F-A003-B47D5F0E69F7}.Release|Any CPU.Build.0 = Release|Any CPU
		{3811B1E3-4F06-482F-A003-B47D5F0E69F7}.Release|x64.ActiveCfg = Release|Any CPU
		{3811B1E3-4F06-482F-A003-B47D5F0E69F7}.Release|x64.Build.0 = Release|Any CPU
		{3811B1E3-4F06-482F-A003-B47D5F0E69F7}.Release|x86.ActiveCfg = Release|Any CPU
		{3811B1E3-4F06-482F-A003-B47D5F0E69F7}.Release|x86.Build.0 = Release|Any CPU
		{D328FBDF-2013-4EC3-B86D-FCD7AF04A264}.Debug|Any CPU.ActiveCfg = Debug|Any CPU
		{D328FBDF-2013-4EC3-B86D-FCD7AF04A264}.Debug|Any CPU.Build.0 = Debug|Any CPU
		{D328FBDF-2013-4EC3-B86D-FCD7AF04A264}.Debug|x64.ActiveCfg = Debug|Any CPU
		{D328FBDF-2013-4EC3-B86D-FCD7AF04A264}.Debug|x64.Build.0 = Debug|Any CPU
		{D328FBDF-2013-4EC3-B86D-FCD7AF04A264}.Debug|x86.ActiveCfg = Debug|Any CPU
		{D328FBDF-2013-4EC3-B86D-FCD7AF04A264}.Debug|x86.Build.0 = Debug|Any CPU
		{D328FBDF-2013-4EC3-B86D-FCD7AF04A264}.Release|Any CPU.ActiveCfg = Release|Any CPU
		{D328FBDF-2013-4EC3-B86D-FCD7AF04A264}.Release|Any CPU.Build.0 = Release|Any CPU
		{D328FBDF-2013-4EC3-B86D-FCD7AF04A264}.Release|x64.ActiveCfg = Release|Any CPU
		{D328FBDF-2013-4EC3-B86D-FCD7AF04A264}.Release|x64.Build.0 = Release|Any CPU
		{D328FBDF-2013-4EC3-B86D-FCD7AF04A264}.Release|x86.ActiveCfg = Release|Any CPU
		{D328FBDF-2013-4EC3-B86D-FCD7AF04A264}.Release|x86.Build.0 = Release|Any CPU
	EndGlobalSection
	GlobalSection(SolutionProperties) = preSolution
		HideSolutionNode = FALSE
	EndGlobalSection
	GlobalSection(NestedProjects) = preSolution
		{957EAA5E-610F-449E-B7AE-B373E09C4A0D} = {827E0CD3-B72D-47B6-A68D-7590B98EB39B}
		{DC0C4031-2473-4F42-AE6A-CB7CAC79274B} = {827E0CD3-B72D-47B6-A68D-7590B98EB39B}
		{EF1B0452-05E5-4819-A346-5374A12E5C80} = {827E0CD3-B72D-47B6-A68D-7590B98EB39B}
		{A8E35492-C6A0-4160-981A-E284BE64F6A9} = {827E0CD3-B72D-47B6-A68D-7590B98EB39B}
		{3811B1E3-4F06-482F-A003-B47D5F0E69F7} = {827E0CD3-B72D-47B6-A68D-7590B98EB39B}
		{D328FBDF-2013-4EC3-B86D-FCD7AF04A264} = {827E0CD3-B72D-47B6-A68D-7590B98EB39B}
	EndGlobalSection
EndGlobal
